
Microsoft Visual Studio Solution File, Format Version 12.00
# Visual Studio Version 17
VisualStudioVersion = 17.4.33205.214
MinimumVisualStudioVersion = 10.0.40219.1
Project("{FAE04EC0-301F-11D3-BF4B-00C04F79EFBC}") = "Desafio_Agenda", "Desafio_Agenda\Desafio_Agenda.csproj", "{76F5E8E0-6412-4B4A-B07A-DD86D6AB3D16}"
EndProject
Global
	GlobalSection(SolutionConfigurationPlatforms) = preSolution
		Debug|Any CPU = Debug|Any CPU
		Release|Any CPU = Release|Any CPU
	EndGlobalSection
	GlobalSection(ProjectConfigurationPlatforms) = postSolution
		{76F5E8E0-6412-4B4A-B07A-DD86D6AB3D16}.Debug|Any CPU.ActiveCfg = Debug|Any CPU
		{76F5E8E0-6412-4B4A-B07A-DD86D6AB3D16}.Debug|Any CPU.Build.0 = Debug|Any CPU
		{76F5E8E0-6412-4B4A-B07A-DD86D6AB3D16}.Release|Any CPU.ActiveCfg = Release|Any CPU
		{76F5E8E0-6412-4B4A-B07A-DD86D6AB3D16}.Release|Any CPU.Build.0 = Release|Any CPU
	EndGlobalSection
	GlobalSection(SolutionProperties) = preSolution
		HideSolutionNode = FALSE
	EndGlobalSection
	GlobalSection(ExtensibilityGlobals) = postSolution
		SolutionGuid = {8493F725-41EB-4968-895B-C1B12CC7236B}
	EndGlobalSection
EndGlobal
