
Microsoft Visual Studio Solution File, Format Version 12.00
# Visual Studio Version 17
VisualStudioVersion = 17.4.33205.214
MinimumVisualStudioVersion = 10.0.40219.1
Project("{FAE04EC0-301F-11D3-BF4B-00C04F79EFBC}") = "Estrutura_Sequencial", "Estrutura_Sequencial\Estrutura_Sequencial.csproj", "{4145270B-F446-43F9-B5F4-DC2D36986320}"
EndProject
Global
	GlobalSection(SolutionConfigurationPlatforms) = preSolution
		Debug|Any CPU = Debug|Any CPU
		Release|Any CPU = Release|Any CPU
	EndGlobalSection
	GlobalSection(ProjectConfigurationPlatforms) = postSolution
		{4145270B-F446-43F9-B5F4-DC2D36986320}.Debug|Any CPU.ActiveCfg = Debug|Any CPU
		{4145270B-F446-43F9-B5F4-DC2D36986320}.Debug|Any CPU.Build.0 = Debug|Any CPU
		{4145270B-F446-43F9-B5F4-DC2D36986320}.Release|Any CPU.ActiveCfg = Release|Any CPU
		{4145270B-F446-43F9-B5F4-DC2D36986320}.Release|Any CPU.Build.0 = Release|Any CPU
	EndGlobalSection
	GlobalSection(SolutionProperties) = preSolution
		HideSolutionNode = FALSE
	EndGlobalSection
	GlobalSection(ExtensibilityGlobals) = postSolution
		SolutionGuid = {2B63D85C-BF98-45B1-B1C4-A5F16674CA82}
	EndGlobalSection
EndGlobal
